
Microsoft Visual Studio Solution File, Format Version 12.00
# Visual Studio Version 17
VisualStudioVersion = 17.3.32922.545
MinimumVisualStudioVersion = 10.0.40219.1
Project("{FAE04EC0-301F-11D3-BF4B-00C04F79EFBC}") = "MovieRentalManagement.Server", "MovieRentalManagement\Server\MovieRentalManagement.Server.csproj", "{3A8D89AC-FC14-4A08-949F-D07665DBF634}"
EndProject
Project("{FAE04EC0-301F-11D3-BF4B-00C04F79EFBC}") = "MovieRentalManagement.Client", "MovieRentalManagement\Client\MovieRentalManagement.Client.csproj", "{D61864FA-B1A1-4183-982F-F121A17F8A39}"
EndProject
Project("{FAE04EC0-301F-11D3-BF4B-00C04F79EFBC}") = "MovieRentalManagement.Shared", "MovieRentalManagement\Shared\MovieRentalManagement.Shared.csproj", "{14B1654C-618C-403C-992C-0985C13529C0}"
EndProject
Global
	GlobalSection(SolutionConfigurationPlatforms) = preSolution
		Debug|Any CPU = Debug|Any CPU
		Release|Any CPU = Release|Any CPU
	EndGlobalSection
	GlobalSection(ProjectConfigurationPlatforms) = postSolution
		{3A8D89AC-FC14-4A08-949F-D07665DBF634}.Debug|Any CPU.ActiveCfg = Debug|Any CPU
		{3A8D89AC-FC14-4A08-949F-D07665DBF634}.Debug|Any CPU.Build.0 = Debug|Any CPU
		{3A8D89AC-FC14-4A08-949F-D07665DBF634}.Release|Any CPU.ActiveCfg = Release|Any CPU
		{3A8D89AC-FC14-4A08-949F-D07665DBF634}.Release|Any CPU.Build.0 = Release|Any CPU
		{D61864FA-B1A1-4183-982F-F121A17F8A39}.Debug|Any CPU.ActiveCfg = Debug|Any CPU
		{D61864FA-B1A1-4183-982F-F121A17F8A39}.Debug|Any CPU.Build.0 = Debug|Any CPU
		{D61864FA-B1A1-4183-982F-F121A17F8A39}.Release|Any CPU.ActiveCfg = Release|Any CPU
		{D61864FA-B1A1-4183-982F-F121A17F8A39}.Release|Any CPU.Build.0 = Release|Any CPU
		{14B1654C-618C-403C-992C-0985C13529C0}.Debug|Any CPU.ActiveCfg = Debug|Any CPU
		{14B1654C-618C-403C-992C-0985C13529C0}.Debug|Any CPU.Build.0 = Debug|Any CPU
		{14B1654C-618C-403C-992C-0985C13529C0}.Release|Any CPU.ActiveCfg = Release|Any CPU
		{14B1654C-618C-403C-992C-0985C13529C0}.Release|Any CPU.Build.0 = Release|Any CPU
	EndGlobalSection
	GlobalSection(SolutionProperties) = preSolution
		HideSolutionNode = FALSE
	EndGlobalSection
	GlobalSection(ExtensibilityGlobals) = postSolution
		SolutionGuid = {DF9385E3-8B9F-4DE5-947A-405A0A8AE915}
	EndGlobalSection
EndGlobal
